{
  "name": "long-essay-assessment-service",
  "version": "1.0.1",
  "lockfileVersion": 2,
  "requires": true,
  "packages": {
    "": {
      "name": "long-essay-assessment-service",
      "version": "1.0.1",
      "dependencies": {
        "long-essay-assessment-corrector": "github:EDUTIEK/long-essay-assessment-corrector",
        "long-essay-assessment-writer": "github:EDUTIEK/long-essay-assessment-writer"
      }
    },
    "node_modules/long-essay-assessment-corrector": {
      "version": "1.0.0",
      "resolved": "git+ssh://git@github.com/EDUTIEK/long-essay-assessment-corrector.git#7b61914a61cc10632f62c9a11608882d1e581a1b",
      "license": "GPL-3.0-or-later"
    },
    "node_modules/long-essay-assessment-writer": {
      "version": "1.0.0",
      "resolved": "git+ssh://git@github.com/EDUTIEK/long-essay-assessment-writer.git#361bc955129de5efc31c487a38c2c4bcb7f14bd6",
      "license": "GPL-3.0-or-later"
    }
  },
  "dependencies": {
    "long-essay-assessment-corrector": {
      "version": "git+ssh://git@github.com/EDUTIEK/long-essay-assessment-corrector.git#7b61914a61cc10632f62c9a11608882d1e581a1b",
      "from": "long-essay-assessment-corrector@github:EDUTIEK/long-essay-assessment-corrector"
    },
    "long-essay-assessment-writer": {
      "version": "git+ssh://git@github.com/EDUTIEK/long-essay-assessment-writer.git#361bc955129de5efc31c487a38c2c4bcb7f14bd6",
      "from": "long-essay-assessment-writer@github:EDUTIEK/long-essay-assessment-writer"
    }
  }
}
