{
  "name": "long-essay-assessment-service",
  "version": "1.0.1",
  "lockfileVersion": 2,
  "requires": true,
  "packages": {
    "": {
      "name": "long-essay-assessment-service",
      "version": "1.0.1",
      "dependencies": {
        "long-essay-assessment-corrector": "github:EDUTIEK/long-essay-assessment-corrector",
        "long-essay-assessment-writer": "github:EDUTIEK/long-essay-assessment-writer"
      }
    },
    "node_modules/long-essay-assessment-corrector": {
      "version": "1.0.0",
      "resolved": "git+ssh://git@github.com/EDUTIEK/long-essay-assessment-corrector.git#39a1a624fa4f0ce3a519814a26582b11b25d33f1",
      "license": "GPL-3.0-or-later"
    },
    "node_modules/long-essay-assessment-writer": {
      "version": "1.0.0",
      "resolved": "git+ssh://git@github.com/EDUTIEK/long-essay-assessment-writer.git#a433f392090cf409fd1cdf27d0010fcca51bf8b5",
      "license": "GPL-3.0-or-later"
    }
  },
  "dependencies": {
    "long-essay-assessment-corrector": {
      "version": "git+ssh://git@github.com/EDUTIEK/long-essay-assessment-corrector.git#39a1a624fa4f0ce3a519814a26582b11b25d33f1",
      "from": "long-essay-assessment-corrector@github:EDUTIEK/long-essay-assessment-corrector"
    },
    "long-essay-assessment-writer": {
      "version": "git+ssh://git@github.com/EDUTIEK/long-essay-assessment-writer.git#a433f392090cf409fd1cdf27d0010fcca51bf8b5",
      "from": "long-essay-assessment-writer@github:EDUTIEK/long-essay-assessment-writer"
    }
  }
}
