{
  "name": "long-essay-assessment-service",
  "version": "1.0.1",
  "lockfileVersion": 2,
  "requires": true,
  "packages": {
    "": {
      "name": "long-essay-assessment-service",
      "version": "1.0.1",
      "dependencies": {
        "long-essay-assessment-corrector": "github:EDUTIEK/long-essay-assessment-corrector#main",
        "long-essay-assessment-writer": "github:EDUTIEK/long-essay-assessment-writer#main"
      }
    },
    "node_modules/long-essay-assessment-corrector": {
      "version": "1.0.0",
      "resolved": "git+ssh://git@github.com/EDUTIEK/long-essay-assessment-corrector.git#119e0f313f44f0564458a7e9288221a2a774405f",
      "license": "GPL-3.0-or-later"
    },
    "node_modules/long-essay-assessment-writer": {
      "version": "1.0.0",
      "resolved": "git+ssh://git@github.com/EDUTIEK/long-essay-assessment-writer.git#09e392e25d84d7803508cc9f2dd8e72412759495",
      "license": "GPL-3.0-or-later"
    }
  },
  "dependencies": {
    "long-essay-assessment-corrector": {
      "version": "git+ssh://git@github.com/EDUTIEK/long-essay-assessment-corrector.git#119e0f313f44f0564458a7e9288221a2a774405f",
      "from": "long-essay-assessment-corrector@github:EDUTIEK/long-essay-assessment-corrector#main"
    },
    "long-essay-assessment-writer": {
      "version": "git+ssh://git@github.com/EDUTIEK/long-essay-assessment-writer.git#09e392e25d84d7803508cc9f2dd8e72412759495",
      "from": "long-essay-assessment-writer@github:EDUTIEK/long-essay-assessment-writer#main"
    }
  }
}
